// !$*UTF8*$!
{
	archiveVersion = 1;
	classes = {
	};
	objectVersion = 110;
	objects = {

/* Begin PBXBuildFile section */
		58EBE5952FF5115B003C534D /* LocksmithExtension.appex in Embed Foundation Extensions */ = {isa = PBXBuildFile; fileRef = 58EBE58E2FF5115B003C534D /* LocksmithExtension.appex */; settings = {ATTRIBUTES = (RemoveHeadersOnCopy, ); }; };
/* End PBXBuildFile section */

/* Begin PBXContainerItemProxy section */
		58EBE5932FF5115B003C534D /* PBXContainerItemProxy */ = {
			isa = PBXContainerItemProxy;
			containerPortal = 58EBE5742FF510DB003C534D /* Project object */;
			proxyType = 1;
			remoteGlobalIDString = 58EBE58D2FF5115B003C534D;
			remoteInfo = LocksmithExtension;
		};
/* End PBXContainerItemProxy section */

/* Begin PBXCopyFilesBuildPhase section */
		58EBE59A2FF5115B003C534D /* Embed Foundation Extensions */ = {
			isa = PBXCopyFilesBuildPhase;
			dstPath = "";
			dstSubfolder = PlugIns;
			files = (
				58EBE5952FF5115B003C534D /* LocksmithExtension.appex in Embed Foundation Extensions */,
			);
			name = "Embed Foundation Extensions";
		};
/* End PBXCopyFilesBuildPhase section */

/* Begin PBXFileReference section */
		58EBE57C2FF510DB003C534D /* MacLockSmith.app */ = {isa = PBXFileReference; explicitFileType = wrapper.application; includeInIndex = 0; path = MacLockSmith.app; sourceTree = BUILT_PRODUCTS_DIR; };
		58EBE58E2FF5115B003C534D /* LocksmithExtension.appex */ = {isa = PBXFileReference; explicitFileType = "wrapper.app-extension"; includeInIndex = 0; path = LocksmithExtension.appex; sourceTree = BUILT_PRODUCTS_DIR; };
/* End PBXFileReference section */

/* Begin PBXFileSystemSynchronizedBuildFileExceptionSet section */
		58EBE5962FF5115B003C534D /* Exceptions for "LocksmithExtension" folder in "LocksmithExtension" target */ = {
			isa = PBXFileSystemSynchronizedBuildFileExceptionSet;
			membershipExceptions = (
				Info.plist,
			);
			target = 58EBE58D2FF5115B003C534D /* LocksmithExtension */;
		};
		58EBE59C2FF511AC003C534D /* Exceptions for "MacLockSmith" folder in "MacLockSmith" target */ = {
			isa = PBXFileSystemSynchronizedBuildFileExceptionSet;
			membershipExceptions = (
				Info.plist,
			);
			target = 58EBE57B2FF510DB003C534D /* MacLockSmith */;
		};
/* End PBXFileSystemSynchronizedBuildFileExceptionSet section */

/* Begin PBXFileSystemSynchronizedRootGroup section */
		58EBE57E2FF510DB003C534D /* MacLockSmith */ = {
			isa = PBXFileSystemSynchronizedRootGroup;
			exceptions = (
				58EBE59C2FF511AC003C534D /* Exceptions for "MacLockSmith" folder in "MacLockSmith" target */,
			);
			path = MacLockSmith;
			sourceTree = "<group>";
		};
		58EBE58F2FF5115B003C534D /* LocksmithExtension */ = {
			isa = PBXFileSystemSynchronizedRootGroup;
			exceptions = (
				58EBE5962FF5115B003C534D /* Exceptions for "LocksmithExtension" folder in "LocksmithExtension" target */,
			);
			path = LocksmithExtension;
			sourceTree = "<group>";
		};
/* End PBXFileSystemSynchronizedRootGroup section */

/* Begin PBXFrameworksBuildPhase section */
		58EBE5792FF510DB003C534D /* Frameworks */ = {
			isa = PBXFrameworksBuildPhase;
			files = (
			);
		};
		58EBE58B2FF5115B003C534D /* Frameworks */ = {
			isa = PBXFrameworksBuildPhase;
			files = (
			);
		};
/* End PBXFrameworksBuildPhase section */

/* Begin PBXGroup section */
		58EBE5732FF510DB003C534D = {
			isa = PBXGroup;
			children = (
				58EBE57E2FF510DB003C534D /* MacLockSmith */,
				58EBE58F2FF5115B003C534D /* LocksmithExtension */,
				58EBE57D2FF510DB003C534D /* Products */,
			);
			sourceTree = "<group>";
		};
		58EBE57D2FF510DB003C534D /* Products */ = {
			isa = PBXGroup;
			children = (
				58EBE57C2FF510DB003C534D /* MacLockSmith.app */,
				58EBE58E2FF5115B003C534D /* LocksmithExtension.appex */,
			);
			name = Products;
			sourceTree = "<group>";
		};
/* End PBXGroup section */

/* Begin PBXNativeTarget section */
		58EBE57B2FF510DB003C534D /* MacLockSmith */ = {
			isa = PBXNativeTarget;
			buildConfigurationList = 58EBE5872FF510DB003C534D /* Build configuration list for PBXNativeTarget "MacLockSmith" */;
			buildPhases = (
				58EBE5782FF510DB003C534D /* Sources */,
				58EBE5792FF510DB003C534D /* Frameworks */,
				58EBE57A2FF510DB003C534D /* Resources */,
				58EBE59A2FF5115B003C534D /* Embed Foundation Extensions */,
			);
			buildRules = (
			);
			dependencies = (
				58EBE5942FF5115B003C534D /* PBXTargetDependency */,
			);
			fileSystemSynchronizedGroups = (
				58EBE57E2FF510DB003C534D /* MacLockSmith */,
			);
			name = MacLockSmith;
			productName = MacLockSmith;
			productReference = 58EBE57C2FF510DB003C534D /* MacLockSmith.app */;
			productType = "com.apple.product-type.application";
		};
		58EBE58D2FF5115B003C534D /* LocksmithExtension */ = {
			isa = PBXNativeTarget;
			buildConfigurationList = 58EBE5972FF5115B003C534D /* Build configuration list for PBXNativeTarget "LocksmithExtension" */;
			buildPhases = (
				58EBE58A2FF5115B003C534D /* Sources */,
				58EBE58B2FF5115B003C534D /* Frameworks */,
				58EBE58C2FF5115B003C534D /* Resources */,
			);
			buildRules = (
			);
			fileSystemSynchronizedGroups = (
				58EBE58F2FF5115B003C534D /* LocksmithExtension */,
			);
			name = LocksmithExtension;
			productName = LocksmithExtension;
			productReference = 58EBE58E2FF5115B003C534D /* LocksmithExtension.appex */;
			productType = "com.apple.product-type.app-extension";
		};
/* End PBXNativeTarget section */

/* Begin PBXProject section */
		58EBE5742FF510DB003C534D /* Project object */ = {
			isa = PBXProject;
			attributes = {
				BuildIndependentTargetsInParallel = 1;
				LastSwiftUpdateCheck = 2700;
				LastUpgradeCheck = 2700;
				TargetAttributes = {
					58EBE57B2FF510DB003C534D = {
						CreatedOnToolsVersion = 27.0;
					};
					58EBE58D2FF5115B003C534D = {
						CreatedOnToolsVersion = 27.0;
					};
				};
			};
			buildConfigurationList = 58EBE5772FF510DB003C534D /* Build configuration list for PBXProject "MacLockSmith" */;
			developmentRegion = en;
			hasScannedForEncodings = 0;
			knownRegions = (
				en,
				Base,
			);
			mainGroup = 58EBE5732FF510DB003C534D;
			minimizedProjectReferenceProxies = 1;
			preferredProjectObjectVersion = 77;
			productRefGroup = 58EBE57D2FF510DB003C534D /* Products */;
			projectDirPath = "";
			projectRoot = "";
			targets = (
				58EBE57B2FF510DB003C534D /* MacLockSmith */,
				58EBE58D2FF5115B003C534D /* LocksmithExtension */,
			);
		};
/* End PBXProject section */

/* Begin PBXResourcesBuildPhase section */
		58EBE57A2FF510DB003C534D /* Resources */ = {
			isa = PBXResourcesBuildPhase;
			files = (
			);
		};
		58EBE58C2FF5115B003C534D /* Resources */ = {
			isa = PBXResourcesBuildPhase;
			files = (
			);
		};
/* End PBXResourcesBuildPhase section */

/* Begin PBXSourcesBuildPhase section */
		58EBE5782FF510DB003C534D /* Sources */ = {
			isa = PBXSourcesBuildPhase;
			files = (
			);
		};
		58EBE58A2FF5115B003C534D /* Sources */ = {
			isa = PBXSourcesBuildPhase;
			files = (
			);
		};
/* End PBXSourcesBuildPhase section */

/* Begin PBXTargetDependency section */
		58EBE5942FF5115B003C534D /* PBXTargetDependency */ = {
			isa = PBXTargetDependency;
			target = 58EBE58D2FF5115B003C534D /* LocksmithExtension */;
			targetProxy = 58EBE5932FF5115B003C534D /* PBXContainerItemProxy */;
		};
/* End PBXTargetDependency section */

/* Begin XCBuildConfiguration section */
		58EBE5852FF510DB003C534D /* Debug configuration for PBXProject "MacLockSmith" */ = {
			isa = XCBuildConfiguration;
			buildSettings = {
				ALWAYS_SEARCH_USER_PATHS = NO;
				ASSETCATALOG_COMPILER_GENERATE_SWIFT_ASSET_SYMBOL_EXTENSIONS = YES;
				CLANG_ANALYZER_NONNULL = YES;
				CLANG_ANALYZER_NUMBER_OBJECT_CONVERSION = YES_AGGRESSIVE;
				CLANG_CXX_LANGUAGE_STANDARD = "gnu++20";
				CLANG_ENABLE_MODULES = YES;
				CLANG_ENABLE_OBJC_ARC = YES;
				CLANG_ENABLE_OBJC_WEAK = YES;
				CLANG_WARN_BLOCK_CAPTURE_AUTORELEASING = YES;
				CLANG_WARN_BOOL_CONVERSION = YES;
				CLANG_WARN_COMMA = YES;
				CLANG_WARN_CONSTANT_CONVERSION = YES;
				CLANG_WARN_DEPRECATED_OBJC_IMPLEMENTATIONS = YES;
				CLANG_WARN_DIRECT_OBJC_ISA_USAGE = YES_ERROR;
				CLANG_WARN_DOCUMENTATION_COMMENTS = YES;
				CLANG_WARN_EMPTY_BODY = YES;
				CLANG_WARN_ENUM_CONVERSION = YES;
				CLANG_WARN_INFINITE_RECURSION = YES;
				CLANG_WARN_INT_CONVERSION = YES;
				CLANG_WARN_NON_LITERAL_NULL_CONVERSION = YES;
				CLANG_WARN_OBJC_IMPLICIT_RETAIN_SELF = YES;
				CLANG_WARN_OBJC_LITERAL_CONVERSION = YES;
				CLANG_WARN_OBJC_ROOT_CLASS = YES_ERROR;
				CLANG_WARN_QUOTED_INCLUDE_IN_FRAMEWORK_HEADER = YES;
				CLANG_WARN_RANGE_LOOP_ANALYSIS = YES;
				CLANG_WARN_STRICT_PROTOTYPES = YES;
				CLANG_WARN_SUSPICIOUS_MOVE = YES;
				CLANG_WARN_UNGUARDED_AVAILABILITY = YES_AGGRESSIVE;
				CLANG_WARN_UNREACHABLE_CODE = YES;
				CLANG_WARN__DUPLICATE_METHOD_MATCH = YES;
				COPY_PHASE_STRIP = NO;
				DEBUG_INFORMATION_FORMAT = dwarf;
				ENABLE_STRICT_OBJC_MSGSEND = YES;
				ENABLE_TESTABILITY = YES;
				ENABLE_USER_SCRIPT_SANDBOXING = YES;
				GCC_C_LANGUAGE_STANDARD = gnu17;
				GCC_DYNAMIC_NO_PIC = NO;
				GCC_NO_COMMON_BLOCKS = YES;
				GCC_OPTIMIZATION_LEVEL = 0;
				GCC_PREPROCESSOR_DEFINITIONS = (
					"DEBUG=1",
					"$(inherited)",
				);
				GCC_WARN_64_TO_32_BIT_CONVERSION = YES;
				GCC_WARN_ABOUT_RETURN_TYPE = YES_ERROR;
				GCC_WARN_UNDECLARED_SELECTOR = YES;
				GCC_WARN_UNINITIALIZED_AUTOS = YES_AGGRESSIVE;
				GCC_WARN_UNUSED_FUNCTION = YES;
				GCC_WARN_UNUSED_VARIABLE = YES;
				LOCALIZATION_PREFERS_STRING_CATALOGS = YES;
				MACOSX_DEPLOYMENT_TARGET = 27.0;
				MTL_ENABLE_DEBUG_INFO = INCLUDE_SOURCE;
				MTL_FAST_MATH = YES;
				ONLY_ACTIVE_ARCH = YES;
				SDKROOT = macosx;
				SWIFT_ACTIVE_COMPILATION_CONDITIONS = "DEBUG $(inherited)";
				SWIFT_OPTIMIZATION_LEVEL = "-Onone";
			};
			name = Debug;
		};
		58EBE5862FF510DB003C534D /* Release configuration for PBXProject "MacLockSmith" */ = {
			isa = XCBuildConfiguration;
			buildSettings = {
				ALWAYS_SEARCH_USER_PATHS = NO;
				ASSETCATALOG_COMPILER_GENERATE_SWIFT_ASSET_SYMBOL_EXTENSIONS = YES;
				CLANG_ANALYZER_NONNULL = YES;
				CLANG_ANALYZER_NUMBER_OBJECT_CONVERSION = YES_AGGRESSIVE;
				CLANG_CXX_LANGUAGE_STANDARD = "gnu++20";
				CLANG_ENABLE_MODULES = YES;
				CLANG_ENABLE_OBJC_ARC = YES;
				CLANG_ENABLE_OBJC_WEAK = YES;
				CLANG_WARN_BLOCK_CAPTURE_AUTORELEASING = YES;
				CLANG_WARN_BOOL_CONVERSION = YES;
				CLANG_WARN_COMMA = YES;
				CLANG_WARN_CONSTANT_CONVERSION = YES;
				CLANG_WARN_DEPRECATED_OBJC_IMPLEMENTATIONS = YES;
				CLANG_WARN_DIRECT_OBJC_ISA_USAGE = YES_ERROR;
				CLANG_WARN_DOCUMENTATION_COMMENTS = YES;
				CLANG_WARN_EMPTY_BODY = YES;
				CLANG_WARN_ENUM_CONVERSION = YES;
				CLANG_WARN_INFINITE_RECURSION = YES;
				CLANG_WARN_INT_CONVERSION = YES;
				CLANG_WARN_NON_LITERAL_NULL_CONVERSION = YES;
				CLANG_WARN_OBJC_IMPLICIT_RETAIN_SELF = YES;
				CLANG_WARN_OBJC_LITERAL_CONVERSION = YES;
				CLANG_WARN_OBJC_ROOT_CLASS = YES_ERROR;
				CLANG_WARN_QUOTED_INCLUDE_IN_FRAMEWORK_HEADER = YES;
				CLANG_WARN_RANGE_LOOP_ANALYSIS = YES;
				CLANG_WARN_STRICT_PROTOTYPES = YES;
				CLANG_WARN_SUSPICIOUS_MOVE = YES;
				CLANG_WARN_UNGUARDED_AVAILABILITY = YES_AGGRESSIVE;
				CLANG_WARN_UNREACHABLE_CODE = YES;
				CLANG_WARN__DUPLICATE_METHOD_MATCH = YES;
				COPY_PHASE_STRIP = NO;
				DEBUG_INFORMATION_FORMAT = "dwarf-with-dsym";
				ENABLE_NS_ASSERTIONS = NO;
				ENABLE_STRICT_OBJC_MSGSEND = YES;
				ENABLE_USER_SCRIPT_SANDBOXING = YES;
				GCC_C_LANGUAGE_STANDARD = gnu17;
				GCC_NO_COMMON_BLOCKS = YES;
				GCC_WARN_64_TO_32_BIT_CONVERSION = YES;
				GCC_WARN_ABOUT_RETURN_TYPE = YES_ERROR;
				GCC_WARN_UNDECLARED_SELECTOR = YES;
				GCC_WARN_UNINITIALIZED_AUTOS = YES_AGGRESSIVE;
				GCC_WARN_UNUSED_FUNCTION = YES;
				GCC_WARN_UNUSED_VARIABLE = YES;
				LOCALIZATION_PREFERS_STRING_CATALOGS = YES;
				MACOSX_DEPLOYMENT_TARGET = 27.0;
				MTL_ENABLE_DEBUG_INFO = NO;
				MTL_FAST_MATH = YES;
				SDKROOT = macosx;
				SWIFT_COMPILATION_MODE = wholemodule;
			};
			name = Release;
		};
		58EBE5882FF510DB003C534D /* Debug configuration for PBXNativeTarget "MacLockSmith" */ = {
			isa = XCBuildConfiguration;
			buildSettings = {
				ASSETCATALOG_COMPILER_APPICON_NAME = AppIcon;
				ASSETCATALOG_COMPILER_GLOBAL_ACCENT_COLOR_NAME = AccentColor;
				ASSETCATALOG_COMPILER_INCLUDE_ALL_APPICON_ASSETS = NO;
				CODE_SIGN_STYLE = Automatic;
				COMBINE_HIDPI_IMAGES = YES;
				CURRENT_PROJECT_VERSION = 1;
				ENABLE_APP_SANDBOX = NO;
				ENABLE_PREVIEWS = YES;
				GENERATE_INFOPLIST_FILE = YES;
				INFOPLIST_FILE = MacLockSmith/Info.plist;
				INFOPLIST_KEY_CFBundleDisplayName = "Mac Lock Smith";
				INFOPLIST_KEY_NSHumanReadableCopyright = "";
				LD_RUNPATH_SEARCH_PATHS = (
					"$(inherited)",
					"@executable_path/../Frameworks",
				);
				MARKETING_VERSION = 1.0;
				PRODUCT_BUNDLE_IDENTIFIER = expertaf.MacLockSmith;
				PRODUCT_NAME = "$(TARGET_NAME)";
				REGISTER_APP_GROUPS = YES;
				STRING_CATALOG_GENERATE_SYMBOLS = YES;
				SWIFT_APPROACHABLE_CONCURRENCY = YES;
				SWIFT_DEFAULT_ACTOR_ISOLATION = MainActor;
				SWIFT_EMIT_LOC_STRINGS = YES;
				SWIFT_UPCOMING_FEATURE_MEMBER_IMPORT_VISIBILITY = YES;
				SWIFT_VERSION = 5.0;
			};
			name = Debug;
		};
		58EBE5892FF510DB003C534D /* Release configuration for PBXNativeTarget "MacLockSmith" */ = {
			isa = XCBuildConfiguration;
			buildSettings = {
				ASSETCATALOG_COMPILER_APPICON_NAME = AppIcon;
				ASSETCATALOG_COMPILER_GLOBAL_ACCENT_COLOR_NAME = AccentColor;
				ASSETCATALOG_COMPILER_INCLUDE_ALL_APPICON_ASSETS = NO;
				CODE_SIGN_STYLE = Automatic;
				COMBINE_HIDPI_IMAGES = YES;
				CURRENT_PROJECT_VERSION = 1;
				ENABLE_APP_SANDBOX = NO;
				ENABLE_PREVIEWS = YES;
				GENERATE_INFOPLIST_FILE = YES;
				INFOPLIST_FILE = MacLockSmith/Info.plist;
				INFOPLIST_KEY_CFBundleDisplayName = "Mac Lock Smith";
				INFOPLIST_KEY_NSHumanReadableCopyright = "";
				LD_RUNPATH_SEARCH_PATHS = (
					"$(inherited)",
					"@executable_path/../Frameworks",
				);
				MARKETING_VERSION = 1.0;
				PRODUCT_BUNDLE_IDENTIFIER = expertaf.MacLockSmith;
				PRODUCT_NAME = "$(TARGET_NAME)";
				REGISTER_APP_GROUPS = YES;
				STRING_CATALOG_GENERATE_SYMBOLS = YES;
				SWIFT_APPROACHABLE_CONCURRENCY = YES;
				SWIFT_DEFAULT_ACTOR_ISOLATION = MainActor;
				SWIFT_EMIT_LOC_STRINGS = YES;
				SWIFT_UPCOMING_FEATURE_MEMBER_IMPORT_VISIBILITY = YES;
				SWIFT_VERSION = 5.0;
			};
			name = Release;
		};
		58EBE5982FF5115B003C534D /* Debug configuration for PBXNativeTarget "LocksmithExtension" */ = {
			isa = XCBuildConfiguration;
			buildSettings = {
				CODE_SIGN_STYLE = Automatic;
				COMBINE_HIDPI_IMAGES = YES;
				CURRENT_PROJECT_VERSION = 1;
				ENABLE_APP_SANDBOX = YES;
				ENABLE_USER_SELECTED_FILES = readonly;
				GENERATE_INFOPLIST_FILE = YES;
				INFOPLIST_FILE = LocksmithExtension/Info.plist;
				INFOPLIST_KEY_CFBundleDisplayName = LocksmithExtension;
				INFOPLIST_KEY_NSHumanReadableCopyright = "";
				LD_RUNPATH_SEARCH_PATHS = (
					"$(inherited)",
					"@executable_path/../Frameworks",
					"@executable_path/../../../../Frameworks",
				);
				MARKETING_VERSION = 1.0;
				PRODUCT_BUNDLE_IDENTIFIER = expertaf.MacLockSmith.LocksmithExtension;
				PRODUCT_NAME = "$(TARGET_NAME)";
				SKIP_INSTALL = YES;
				STRING_CATALOG_GENERATE_SYMBOLS = YES;
				SWIFT_APPROACHABLE_CONCURRENCY = YES;
				SWIFT_EMIT_LOC_STRINGS = YES;
				SWIFT_UPCOMING_FEATURE_MEMBER_IMPORT_VISIBILITY = YES;
				SWIFT_VERSION = 5.0;
			};
			name = Debug;
		};
		58EBE5992FF5115B003C534D /* Release configuration for PBXNativeTarget "LocksmithExtension" */ = {
			isa = XCBuildConfiguration;
			buildSettings = {
				CODE_SIGN_STYLE = Automatic;
				COMBINE_HIDPI_IMAGES = YES;
				CURRENT_PROJECT_VERSION = 1;
				ENABLE_APP_SANDBOX = YES;
				ENABLE_USER_SELECTED_FILES = readonly;
				GENERATE_INFOPLIST_FILE = YES;
				INFOPLIST_FILE = LocksmithExtension/Info.plist;
				INFOPLIST_KEY_CFBundleDisplayName = LocksmithExtension;
				INFOPLIST_KEY_NSHumanReadableCopyright = "";
				LD_RUNPATH_SEARCH_PATHS = (
					"$(inherited)",
					"@executable_path/../Frameworks",
					"@executable_path/../../../../Frameworks",
				);
				MARKETING_VERSION = 1.0;
				PRODUCT_BUNDLE_IDENTIFIER = expertaf.MacLockSmith.LocksmithExtension;
				PRODUCT_NAME = "$(TARGET_NAME)";
				SKIP_INSTALL = YES;
				STRING_CATALOG_GENERATE_SYMBOLS = YES;
				SWIFT_APPROACHABLE_CONCURRENCY = YES;
				SWIFT_EMIT_LOC_STRINGS = YES;
				SWIFT_UPCOMING_FEATURE_MEMBER_IMPORT_VISIBILITY = YES;
				SWIFT_VERSION = 5.0;
			};
			name = Release;
		};
/* End XCBuildConfiguration section */

/* Begin XCConfigurationList section */
		58EBE5772FF510DB003C534D /* Build configuration list for PBXProject "MacLockSmith" */ = {
			isa = XCConfigurationList;
			buildConfigurations = (
				58EBE5852FF510DB003C534D /* Debug configuration for PBXProject "MacLockSmith" */,
				58EBE5862FF510DB003C534D /* Release configuration for PBXProject "MacLockSmith" */,
			);
			defaultConfigurationName = Release;
		};
		58EBE5872FF510DB003C534D /* Build configuration list for PBXNativeTarget "MacLockSmith" */ = {
			isa = XCConfigurationList;
			buildConfigurations = (
				58EBE5882FF510DB003C534D /* Debug configuration for PBXNativeTarget "MacLockSmith" */,
				58EBE5892FF510DB003C534D /* Release configuration for PBXNativeTarget "MacLockSmith" */,
			);
			defaultConfigurationName = Release;
		};
		58EBE5972FF5115B003C534D /* Build configuration list for PBXNativeTarget "LocksmithExtension" */ = {
			isa = XCConfigurationList;
			buildConfigurations = (
				58EBE5982FF5115B003C534D /* Debug configuration for PBXNativeTarget "LocksmithExtension" */,
				58EBE5992FF5115B003C534D /* Release configuration for PBXNativeTarget "LocksmithExtension" */,
			);
			defaultConfigurationName = Release;
		};
/* End XCConfigurationList section */
	};
	rootObject = 58EBE5742FF510DB003C534D /* Project object */;
	validationLevel = 1;
}
